{
  "name": "semicolon-db",
  "lockfileVersion": 3,
  "requires": true,
  "packages": {
    "": {
      "name": "semicolon-db",
      "devDependencies": {
        "dbmate": "^2.21.0"
      }
    },
    "node_modules/@dbmate/darwin-arm64": {
      "version": "2.33.0",
      "resolved": "https://registry.npmjs.org/@dbmate/darwin-arm64/-/darwin-arm64-2.33.0.tgz",
      "integrity": "sha512-YbB2IYigcHV+5qo35wvHoKdRXPQdtXv+tUoiEEhXX9gmJm8t/OqsPguR5m7+6rRHE7hsBEtxruykBOKVArqc0A==",
      "cpu": [
        "arm64"
      ],
      "dev": true,
      "license": "MIT",
      "optional": true,
      "os": [
        "darwin"
      ]
    },
    "node_modules/@dbmate/darwin-x64": {
      "version": "2.33.0",
      "resolved": "https://registry.npmjs.org/@dbmate/darwin-x64/-/darwin-x64-2.33.0.tgz",
      "integrity": "sha512-6y4BSqUj6m9halhUi6PNVOUBmsciRjCFAlXWk0WFu35Eg7ojZWWW3BRD7bRcQwZcsmjKn6uCb/k5hFci5/gkxQ==",
      "cpu": [
        "x64"
      ],
      "dev": true,
      "license": "MIT",
      "optional": true,
      "os": [
        "darwin"
      ]
    },
    "node_modules/@dbmate/linux-arm": {
      "version": "2.33.0",
      "resolved": "https://registry.npmjs.org/@dbmate/linux-arm/-/linux-arm-2.33.0.tgz",
      "integrity": "sha512-Xm6w63BjPtab0LgAleDqzhSDIvFJOqN7v8RMJaydPlrPNIBauJwEOWKu5nSnUGNKi9PHZXIHCu0hI8m0fAI6eQ==",
      "cpu": [
        "arm"
      ],
      "dev": true,
      "license": "MIT",
      "optional": true,
      "os": [
        "linux"
      ]
    },
    "node_modules/@dbmate/linux-arm64": {
      "version": "2.33.0",
      "resolved": "https://registry.npmjs.org/@dbmate/linux-arm64/-/linux-arm64-2.33.0.tgz",
      "integrity": "sha512-HFYIGBKTI+BQC8Ps6nzj1Zb8w7I61IGstveNeEQYKTxkV1CPDMajYX52heJ7Jv3ignOrzzy054YhV+z+j6xV8g==",
      "cpu": [
        "arm64"
      ],
      "dev": true,
      "license": "MIT",
      "optional": true,
      "os": [
        "linux"
      ]
    },
    "node_modules/@dbmate/linux-ia32": {
      "version": "2.33.0",
      "resolved": "https://registry.npmjs.org/@dbmate/linux-ia32/-/linux-ia32-2.33.0.tgz",
      "integrity": "sha512-tyVbpGPRds5Rf5AbP5W1+ip319GZTWqy+jjMWKVyAuEbH/6Kjn88RhVqG6f7NsOvHgS3aekOQIBW6ZMkm0crEw==",
      "cpu": [
        "ia32"
      ],
      "dev": true,
      "license": "MIT",
      "optional": true,
      "os": [
        "linux"
      ]
    },
    "node_modules/@dbmate/linux-x64": {
      "version": "2.33.0",
      "resolved": "https://registry.npmjs.org/@dbmate/linux-x64/-/linux-x64-2.33.0.tgz",
      "integrity": "sha512-SxzgU1TzWA37N2GuOUCcV2JjQKiEdzQzfI7k15YRxPw2K3UZc2hueFtF1l2HAoilDi8ekOV2JFUb9XmfqhgSrA==",
      "cpu": [
        "x64"
      ],
      "dev": true,
      "license": "MIT",
      "optional": true,
      "os": [
        "linux"
      ]
    },
    "node_modules/@dbmate/win32-x64": {
      "version": "2.33.0",
      "resolved": "https://registry.npmjs.org/@dbmate/win32-x64/-/win32-x64-2.33.0.tgz",
      "integrity": "sha512-1axw11wBuJ6mLByBtJg4o7fxUkyX+Vz435N3vfdH8OdSPWnpygp/nVyo3iz58SR7XnJkCJBzoKjtsRONeAsO2g==",
      "cpu": [
        "x64"
      ],
      "dev": true,
      "license": "MIT",
      "optional": true,
      "os": [
        "win32"
      ]
    },
    "node_modules/dbmate": {
      "version": "2.33.0",
      "resolved": "https://registry.npmjs.org/dbmate/-/dbmate-2.33.0.tgz",
      "integrity": "sha512-UNyMVmEt+AS0xXrcPIHtSRF8eMgh9YJDUyW2S/l8QO/yB8uGT4eO1g18g+4GKdkPWVY9NHUTA1584jvWHK57JQ==",
      "dev": true,
      "license": "MIT",
      "bin": {
        "dbmate": "dist/cli.js"
      },
      "optionalDependencies": {
        "@dbmate/darwin-arm64": "2.33.0",
        "@dbmate/darwin-x64": "2.33.0",
        "@dbmate/linux-arm": "2.33.0",
        "@dbmate/linux-arm64": "2.33.0",
        "@dbmate/linux-ia32": "2.33.0",
        "@dbmate/linux-x64": "2.33.0",
        "@dbmate/win32-x64": "2.33.0"
      }
    }
  }
}
